
Microsoft Visual Studio Solution File, Format Version 12.00
Project("{FAE04EC0-301F-11D3-BF4B-00C04F79EFBC}") = "PolygonGa.Algorithm", "PolygonGa.Algorithm\PolygonGa.Algorithm.csproj", "{916887C3-5801-4779-AB8A-E045180E7AC5}"
EndProject
Project("{FAE04EC0-301F-11D3-BF4B-00C04F79EFBC}") = "PolygonGa.Console", "PolygonGa.Console\PolygonGa.Console.csproj", "{D6480DEA-B04E-4C7F-88BF-6596E5FEB9A4}"
EndProject
Global
	GlobalSection(SolutionConfigurationPlatforms) = preSolution
		Debug|Any CPU = Debug|Any CPU
		Release|Any CPU = Release|Any CPU
	EndGlobalSection
	GlobalSection(ProjectConfigurationPlatforms) = postSolution
		{916887C3-5801-4779-AB8A-E045180E7AC5}.Debug|Any CPU.ActiveCfg = Debug|Any CPU
		{916887C3-5801-4779-AB8A-E045180E7AC5}.Debug|Any CPU.Build.0 = Debug|Any CPU
		{916887C3-5801-4779-AB8A-E045180E7AC5}.Release|Any CPU.ActiveCfg = Release|Any CPU
		{916887C3-5801-4779-AB8A-E045180E7AC5}.Release|Any CPU.Build.0 = Release|Any CPU
		{D6480DEA-B04E-4C7F-88BF-6596E5FEB9A4}.Debug|Any CPU.ActiveCfg = Debug|Any CPU
		{D6480DEA-B04E-4C7F-88BF-6596E5FEB9A4}.Debug|Any CPU.Build.0 = Debug|Any CPU
		{D6480DEA-B04E-4C7F-88BF-6596E5FEB9A4}.Release|Any CPU.ActiveCfg = Release|Any CPU
		{D6480DEA-B04E-4C7F-88BF-6596E5FEB9A4}.Release|Any CPU.Build.0 = Release|Any CPU
	EndGlobalSection
EndGlobal
